
Microsoft Visual Studio Solution File, Format Version 11.00
# Visual Studio 2010
Project("{FAE04EC0-301F-11D3-BF4B-00C04F79EFBC}") = "Implement Hierarchical Inheritance", "Implement Hierarchical Inheritance\Implement Hierarchical Inheritance.csproj", "{EC080F9C-A60C-4A04-A783-A252F58878C2}"
EndProject
Global
	GlobalSection(SolutionConfigurationPlatforms) = preSolution
		Debug|x86 = Debug|x86
		Release|x86 = Release|x86
	EndGlobalSection
	GlobalSection(ProjectConfigurationPlatforms) = postSolution
		{EC080F9C-A60C-4A04-A783-A252F58878C2}.Debug|x86.ActiveCfg = Debug|x86
		{EC080F9C-A60C-4A04-A783-A252F58878C2}.Debug|x86.Build.0 = Debug|x86
		{EC080F9C-A60C-4A04-A783-A252F58878C2}.Release|x86.ActiveCfg = Release|x86
		{EC080F9C-A60C-4A04-A783-A252F58878C2}.Release|x86.Build.0 = Release|x86
	EndGlobalSection
	GlobalSection(SolutionProperties) = preSolution
		HideSolutionNode = FALSE
	EndGlobalSection
EndGlobal
